// !$*UTF8*$!
{
	archiveVersion = 1;
	classes = {
	};
	objectVersion = 55;
	objects = {

/* Begin PBXBuildFile section */
		0335116227167BAD00F50928 /* CGFloat+Extensions.swift in Sources */ = {isa = PBXBuildFile; fileRef = 0335116127167BAD00F50928 /* CGFloat+Extensions.swift */; };
		0335116427167CDF00F50928 /* SKPhysicsBody+Extensions.swift in Sources */ = {isa = PBXBuildFile; fileRef = 0335116327167CDF00F50928 /* SKPhysicsBody+Extensions.swift */; };
		037CBC022716822400103FD0 /* CGVector+Extensions.swift in Sources */ = {isa = PBXBuildFile; fileRef = 037CBC012716822400103FD0 /* CGVector+Extensions.swift */; };
		037CBC042717456100103FD0 /* Hashable+Extensions.swift in Sources */ = {isa = PBXBuildFile; fileRef = 037CBC032717456100103FD0 /* Hashable+Extensions.swift */; };
		03AB37A72715D18D00E1BD2C /* AppDelegate.swift in Sources */ = {isa = PBXBuildFile; fileRef = 03AB37A62715D18D00E1BD2C /* AppDelegate.swift */; };
		03AB37AD2715D18D00E1BD2C /* GameScene.swift in Sources */ = {isa = PBXBuildFile; fileRef = 03AB37AC2715D18D00E1BD2C /* GameScene.swift */; };
		03AB37AF2715D18D00E1BD2C /* GameViewController.swift in Sources */ = {isa = PBXBuildFile; fileRef = 03AB37AE2715D18D00E1BD2C /* GameViewController.swift */; };
		03AB37B42715D18F00E1BD2C /* Assets.xcassets in Resources */ = {isa = PBXBuildFile; fileRef = 03AB37B32715D18F00E1BD2C /* Assets.xcassets */; };
		03AB37B72715D18F00E1BD2C /* LaunchScreen.storyboard in Resources */ = {isa = PBXBuildFile; fileRef = 03AB37B52715D18F00E1BD2C /* LaunchScreen.storyboard */; };
		03AB37C12715D18F00E1BD2C /* AbsorbTests.swift in Sources */ = {isa = PBXBuildFile; fileRef = 03AB37C02715D18F00E1BD2C /* AbsorbTests.swift */; };
		03AB37E92715E81300E1BD2C /* Ball.swift in Sources */ = {isa = PBXBuildFile; fileRef = 03AB37E82715E81300E1BD2C /* Ball.swift */; };
		03AB37EB2715FC8200E1BD2C /* CGPoint+Extensions.swift in Sources */ = {isa = PBXBuildFile; fileRef = 03AB37EA2715FC8200E1BD2C /* CGPoint+Extensions.swift */; };
/* End PBXBuildFile section */

/* Begin PBXContainerItemProxy section */
		03AB37BD2715D18F00E1BD2C /* PBXContainerItemProxy */ = {
			isa = PBXContainerItemProxy;
			containerPortal = 03AB379B2715D18D00E1BD2C /* Project object */;
			proxyType = 1;
			remoteGlobalIDString = 03AB37A22715D18D00E1BD2C;
			remoteInfo = Absorb;
		};
/* End PBXContainerItemProxy section */

/* Begin PBXFileReference section */
		0335116127167BAD00F50928 /* CGFloat+Extensions.swift */ = {isa = PBXFileReference; lastKnownFileType = sourcecode.swift; path = "CGFloat+Extensions.swift"; sourceTree = "<group>"; };
		0335116327167CDF00F50928 /* SKPhysicsBody+Extensions.swift */ = {isa = PBXFileReference; lastKnownFileType = sourcecode.swift; path = "SKPhysicsBody+Extensions.swift"; sourceTree = "<group>"; };
		037CBC012716822400103FD0 /* CGVector+Extensions.swift */ = {isa = PBXFileReference; lastKnownFileType = sourcecode.swift; path = "CGVector+Extensions.swift"; sourceTree = "<group>"; };
		037CBC032717456100103FD0 /* Hashable+Extensions.swift */ = {isa = PBXFileReference; lastKnownFileType = sourcecode.swift; path = "Hashable+Extensions.swift"; sourceTree = "<group>"; };
		03AB37A32715D18D00E1BD2C /* Absorb.app */ = {isa = PBXFileReference; explicitFileType = wrapper.application; includeInIndex = 0; path = Absorb.app; sourceTree = BUILT_PRODUCTS_DIR; };
		03AB37A62715D18D00E1BD2C /* AppDelegate.swift */ = {isa = PBXFileReference; lastKnownFileType = sourcecode.swift; path = AppDelegate.swift; sourceTree = "<group>"; };
		03AB37AC2715D18D00E1BD2C /* GameScene.swift */ = {isa = PBXFileReference; lastKnownFileType = sourcecode.swift; path = GameScene.swift; sourceTree = "<group>"; };
		03AB37AE2715D18D00E1BD2C /* GameViewController.swift */ = {isa = PBXFileReference; lastKnownFileType = sourcecode.swift; path = GameViewController.swift; sourceTree = "<group>"; };
		03AB37B32715D18F00E1BD2C /* Assets.xcassets */ = {isa = PBXFileReference; lastKnownFileType = folder.assetcatalog; path = Assets.xcassets; sourceTree = "<group>"; };
		03AB37B62715D18F00E1BD2C /* Base */ = {isa = PBXFileReference; lastKnownFileType = file.storyboard; name = Base; path = Base.lproj/LaunchScreen.storyboard; sourceTree = "<group>"; };
		03AB37BC2715D18F00E1BD2C /* AbsorbTests.xctest */ = {isa = PBXFileReference; explicitFileType = wrapper.cfbundle; includeInIndex = 0; path = AbsorbTests.xctest; sourceTree = BUILT_PRODUCTS_DIR; };
		03AB37C02715D18F00E1BD2C /* AbsorbTests.swift */ = {isa = PBXFileReference; lastKnownFileType = sourcecode.swift; path = AbsorbTests.swift; sourceTree = "<group>"; };
		03AB37E82715E81300E1BD2C /* Ball.swift */ = {isa = PBXFileReference; lastKnownFileType = sourcecode.swift; path = Ball.swift; sourceTree = "<group>"; };
		03AB37EA2715FC8200E1BD2C /* CGPoint+Extensions.swift */ = {isa = PBXFileReference; lastKnownFileType = sourcecode.swift; path = "CGPoint+Extensions.swift"; sourceTree = "<group>"; };
/* End PBXFileReference section */

/* Begin PBXFrameworksBuildPhase section */
		03AB37A02715D18D00E1BD2C /* Frameworks */ = {
			isa = PBXFrameworksBuildPhase;
			buildActionMask = 2147483647;
			files = (
			);
			runOnlyForDeploymentPostprocessing = 0;
		};
		03AB37B92715D18F00E1BD2C /* Frameworks */ = {
			isa = PBXFrameworksBuildPhase;
			buildActionMask = 2147483647;
			files = (
			);
			runOnlyForDeploymentPostprocessing = 0;
		};
/* End PBXFrameworksBuildPhase section */

/* Begin PBXGroup section */
		037CBC0527174B8200103FD0 /* Extensions */ = {
			isa = PBXGroup;
			children = (
				037CBC012716822400103FD0 /* CGVector+Extensions.swift */,
				03AB37EA2715FC8200E1BD2C /* CGPoint+Extensions.swift */,
				0335116127167BAD00F50928 /* CGFloat+Extensions.swift */,
				0335116327167CDF00F50928 /* SKPhysicsBody+Extensions.swift */,
				037CBC032717456100103FD0 /* Hashable+Extensions.swift */,
			);
			path = Extensions;
			sourceTree = "<group>";
		};
		03AB379A2715D18D00E1BD2C = {
			isa = PBXGroup;
			children = (
				03AB37A52715D18D00E1BD2C /* Absorb */,
				03AB37BF2715D18F00E1BD2C /* AbsorbTests */,
				03AB37A42715D18D00E1BD2C /* Products */,
			);
			sourceTree = "<group>";
		};
		03AB37A42715D18D00E1BD2C /* Products */ = {
			isa = PBXGroup;
			children = (
				03AB37A32715D18D00E1BD2C /* Absorb.app */,
				03AB37BC2715D18F00E1BD2C /* AbsorbTests.xctest */,
			);
			name = Products;
			sourceTree = "<group>";
		};
		03AB37A52715D18D00E1BD2C /* Absorb */ = {
			isa = PBXGroup;
			children = (
				03AB37A62715D18D00E1BD2C /* AppDelegate.swift */,
				03AB37E82715E81300E1BD2C /* Ball.swift */,
				03AB37AC2715D18D00E1BD2C /* GameScene.swift */,
				03AB37AE2715D18D00E1BD2C /* GameViewController.swift */,
				03AB37B32715D18F00E1BD2C /* Assets.xcassets */,
				037CBC0527174B8200103FD0 /* Extensions */,
				03AB37B52715D18F00E1BD2C /* LaunchScreen.storyboard */,
			);
			path = Absorb;
			sourceTree = "<group>";
		};
		03AB37BF2715D18F00E1BD2C /* AbsorbTests */ = {
			isa = PBXGroup;
			children = (
				03AB37C02715D18F00E1BD2C /* AbsorbTests.swift */,
			);
			path = AbsorbTests;
			sourceTree = "<group>";
		};
/* End PBXGroup section */

/* Begin PBXNativeTarget section */
		03AB37A22715D18D00E1BD2C /* Absorb */ = {
			isa = PBXNativeTarget;
			buildConfigurationList = 03AB37D02715D18F00E1BD2C /* Build configuration list for PBXNativeTarget "Absorb" */;
			buildPhases = (
				03AB379F2715D18D00E1BD2C /* Sources */,
				03AB37A02715D18D00E1BD2C /* Frameworks */,
				03AB37A12715D18D00E1BD2C /* Resources */,
			);
			buildRules = (
			);
			dependencies = (
			);
			name = Absorb;
			productName = Absorb;
			productReference = 03AB37A32715D18D00E1BD2C /* Absorb.app */;
			productType = "com.apple.product-type.application";
		};
		03AB37BB2715D18F00E1BD2C /* AbsorbTests */ = {
			isa = PBXNativeTarget;
			buildConfigurationList = 03AB37D32715D18F00E1BD2C /* Build configuration list for PBXNativeTarget "AbsorbTests" */;
			buildPhases = (
				03AB37B82715D18F00E1BD2C /* Sources */,
				03AB37B92715D18F00E1BD2C /* Frameworks */,
				03AB37BA2715D18F00E1BD2C /* Resources */,
			);
			buildRules = (
			);
			dependencies = (
				03AB37BE2715D18F00E1BD2C /* PBXTargetDependency */,
			);
			name = AbsorbTests;
			productName = AbsorbTests;
			productReference = 03AB37BC2715D18F00E1BD2C /* AbsorbTests.xctest */;
			productType = "com.apple.product-type.bundle.unit-test";
		};
/* End PBXNativeTarget section */

/* Begin PBXProject section */
		03AB379B2715D18D00E1BD2C /* Project object */ = {
			isa = PBXProject;
			attributes = {
				BuildIndependentTargetsInParallel = 1;
				LastSwiftUpdateCheck = 1300;
				LastUpgradeCheck = 1300;
				TargetAttributes = {
					03AB37A22715D18D00E1BD2C = {
						CreatedOnToolsVersion = 13.0;
					};
					03AB37BB2715D18F00E1BD2C = {
						CreatedOnToolsVersion = 13.0;
						TestTargetID = 03AB37A22715D18D00E1BD2C;
					};
				};
			};
			buildConfigurationList = 03AB379E2715D18D00E1BD2C /* Build configuration list for PBXProject "Absorb" */;
			compatibilityVersion = "Xcode 13.0";
			developmentRegion = en;
			hasScannedForEncodings = 0;
			knownRegions = (
				en,
				Base,
			);
			mainGroup = 03AB379A2715D18D00E1BD2C;
			productRefGroup = 03AB37A42715D18D00E1BD2C /* Products */;
			projectDirPath = "";
			projectRoot = "";
			targets = (
				03AB37A22715D18D00E1BD2C /* Absorb */,
				03AB37BB2715D18F00E1BD2C /* AbsorbTests */,
			);
		};
/* End PBXProject section */

/* Begin PBXResourcesBuildPhase section */
		03AB37A12715D18D00E1BD2C /* Resources */ = {
			isa = PBXResourcesBuildPhase;
			buildActionMask = 2147483647;
			files = (
				03AB37B42715D18F00E1BD2C /* Assets.xcassets in Resources */,
				03AB37B72715D18F00E1BD2C /* LaunchScreen.storyboard in Resources */,
			);
			runOnlyForDeploymentPostprocessing = 0;
		};
		03AB37BA2715D18F00E1BD2C /* Resources */ = {
			isa = PBXResourcesBuildPhase;
			buildActionMask = 2147483647;
			files = (
			);
			runOnlyForDeploymentPostprocessing = 0;
		};
/* End PBXResourcesBuildPhase section */

/* Begin PBXSourcesBuildPhase section */
		03AB379F2715D18D00E1BD2C /* Sources */ = {
			isa = PBXSourcesBuildPhase;
			buildActionMask = 2147483647;
			files = (
				03AB37E92715E81300E1BD2C /* Ball.swift in Sources */,
				03AB37EB2715FC8200E1BD2C /* CGPoint+Extensions.swift in Sources */,
				037CBC042717456100103FD0 /* Hashable+Extensions.swift in Sources */,
				03AB37AD2715D18D00E1BD2C /* GameScene.swift in Sources */,
				03AB37AF2715D18D00E1BD2C /* GameViewController.swift in Sources */,
				037CBC022716822400103FD0 /* CGVector+Extensions.swift in Sources */,
				0335116427167CDF00F50928 /* SKPhysicsBody+Extensions.swift in Sources */,
				0335116227167BAD00F50928 /* CGFloat+Extensions.swift in Sources */,
				03AB37A72715D18D00E1BD2C /* AppDelegate.swift in Sources */,
			);
			runOnlyForDeploymentPostprocessing = 0;
		};
		03AB37B82715D18F00E1BD2C /* Sources */ = {
			isa = PBXSourcesBuildPhase;
			buildActionMask = 2147483647;
			files = (
				03AB37C12715D18F00E1BD2C /* AbsorbTests.swift in Sources */,
			);
			runOnlyForDeploymentPostprocessing = 0;
		};
/* End PBXSourcesBuildPhase section */

/* Begin PBXTargetDependency section */
		03AB37BE2715D18F00E1BD2C /* PBXTargetDependency */ = {
			isa = PBXTargetDependency;
			target = 03AB37A22715D18D00E1BD2C /* Absorb */;
			targetProxy = 03AB37BD2715D18F00E1BD2C /* PBXContainerItemProxy */;
		};
/* End PBXTargetDependency section */

/* Begin PBXVariantGroup section */
		03AB37B52715D18F00E1BD2C /* LaunchScreen.storyboard */ = {
			isa = PBXVariantGroup;
			children = (
				03AB37B62715D18F00E1BD2C /* Base */,
			);
			name = LaunchScreen.storyboard;
			sourceTree = "<group>";
		};
/* End PBXVariantGroup section */

/* Begin XCBuildConfiguration section */
		03AB37CE2715D18F00E1BD2C /* Debug */ = {
			isa = XCBuildConfiguration;
			buildSettings = {
				ALWAYS_SEARCH_USER_PATHS = NO;
				CLANG_ANALYZER_NONNULL = YES;
				CLANG_ANALYZER_NUMBER_OBJECT_CONVERSION = YES_AGGRESSIVE;
				CLANG_CXX_LANGUAGE_STANDARD = "gnu++17";
				CLANG_CXX_LIBRARY = "libc++";
				CLANG_ENABLE_MODULES = YES;
				CLANG_ENABLE_OBJC_ARC = YES;
				CLANG_ENABLE_OBJC_WEAK = YES;
				CLANG_WARN_BLOCK_CAPTURE_AUTORELEASING = YES;
				CLANG_WARN_BOOL_CONVERSION = YES;
				CLANG_WARN_COMMA = YES;
				CLANG_WARN_CONSTANT_CONVERSION = YES;
				CLANG_WARN_DEPRECATED_OBJC_IMPLEMENTATIONS = YES;
				CLANG_WARN_DIRECT_OBJC_ISA_USAGE = YES_ERROR;
				CLANG_WARN_DOCUMENTATION_COMMENTS = YES;
				CLANG_WARN_EMPTY_BODY = YES;
				CLANG_WARN_ENUM_CONVERSION = YES;
				CLANG_WARN_INFINITE_RECURSION = YES;
				CLANG_WARN_INT_CONVERSION = YES;
				CLANG_WARN_NON_LITERAL_NULL_CONVERSION = YES;
				CLANG_WARN_OBJC_IMPLICIT_RETAIN_SELF = YES;
				CLANG_WARN_OBJC_LITERAL_CONVERSION = YES;
				CLANG_WARN_OBJC_ROOT_CLASS = YES_ERROR;
				CLANG_WARN_QUOTED_INCLUDE_IN_FRAMEWORK_HEADER = YES;
				CLANG_WARN_RANGE_LOOP_ANALYSIS = YES;
				CLANG_WARN_STRICT_PROTOTYPES = YES;
				CLANG_WARN_SUSPICIOUS_MOVE = YES;
				CLANG_WARN_UNGUARDED_AVAILABILITY = YES_AGGRESSIVE;
				CLANG_WARN_UNREACHABLE_CODE = YES;
				CLANG_WARN__DUPLICATE_METHOD_MATCH = YES;
				COPY_PHASE_STRIP = NO;
				DEBUG_INFORMATION_FORMAT = dwarf;
				ENABLE_STRICT_OBJC_MSGSEND = YES;
				ENABLE_TESTABILITY = YES;
				GCC_C_LANGUAGE_STANDARD = gnu11;
				GCC_DYNAMIC_NO_PIC = NO;
				GCC_NO_COMMON_BLOCKS = YES;
				GCC_OPTIMIZATION_LEVEL = 0;
				GCC_PREPROCESSOR_DEFINITIONS = (
					"DEBUG=1",
					"$(inherited)",
				);
				GCC_WARN_64_TO_32_BIT_CONVERSION = YES;
				GCC_WARN_ABOUT_RETURN_TYPE = YES_ERROR;
				GCC_WARN_UNDECLARED_SELECTOR = YES;
				GCC_WARN_UNINITIALIZED_AUTOS = YES_AGGRESSIVE;
				GCC_WARN_UNUSED_FUNCTION = YES;
				GCC_WARN_UNUSED_VARIABLE = YES;
				IPHONEOS_DEPLOYMENT_TARGET = 15.0;
				MTL_ENABLE_DEBUG_INFO = INCLUDE_SOURCE;
				MTL_FAST_MATH = YES;
				ONLY_ACTIVE_ARCH = YES;
				SDKROOT = iphoneos;
				SWIFT_ACTIVE_COMPILATION_CONDITIONS = DEBUG;
				SWIFT_OPTIMIZATION_LEVEL = "-Onone";
			};
			name = Debug;
		};
		03AB37CF2715D18F00E1BD2C /* Release */ = {
			isa = XCBuildConfiguration;
			buildSettings = {
				ALWAYS_SEARCH_USER_PATHS = NO;
				CLANG_ANALYZER_NONNULL = YES;
				CLANG_ANALYZER_NUMBER_OBJECT_CONVERSION = YES_AGGRESSIVE;
				CLANG_CXX_LANGUAGE_STANDARD = "gnu++17";
				CLANG_CXX_LIBRARY = "libc++";
				CLANG_ENABLE_MODULES = YES;
				CLANG_ENABLE_OBJC_ARC = YES;
				CLANG_ENABLE_OBJC_WEAK = YES;
				CLANG_WARN_BLOCK_CAPTURE_AUTORELEASING = YES;
				CLANG_WARN_BOOL_CONVERSION = YES;
				CLANG_WARN_COMMA = YES;
				CLANG_WARN_CONSTANT_CONVERSION = YES;
				CLANG_WARN_DEPRECATED_OBJC_IMPLEMENTATIONS = YES;
				CLANG_WARN_DIRECT_OBJC_ISA_USAGE = YES_ERROR;
				CLANG_WARN_DOCUMENTATION_COMMENTS = YES;
				CLANG_WARN_EMPTY_BODY = YES;
				CLANG_WARN_ENUM_CONVERSION = YES;
				CLANG_WARN_INFINITE_RECURSION = YES;
				CLANG_WARN_INT_CONVERSION = YES;
				CLANG_WARN_NON_LITERAL_NULL_CONVERSION = YES;
				CLANG_WARN_OBJC_IMPLICIT_RETAIN_SELF = YES;
				CLANG_WARN_OBJC_LITERAL_CONVERSION = YES;
				CLANG_WARN_OBJC_ROOT_CLASS = YES_ERROR;
				CLANG_WARN_QUOTED_INCLUDE_IN_FRAMEWORK_HEADER = YES;
				CLANG_WARN_RANGE_LOOP_ANALYSIS = YES;
				CLANG_WARN_STRICT_PROTOTYPES = YES;
				CLANG_WARN_SUSPICIOUS_MOVE = YES;
				CLANG_WARN_UNGUARDED_AVAILABILITY = YES_AGGRESSIVE;
				CLANG_WARN_UNREACHABLE_CODE = YES;
				CLANG_WARN__DUPLICATE_METHOD_MATCH = YES;
				COPY_PHASE_STRIP = NO;
				DEBUG_INFORMATION_FORMAT = "dwarf-with-dsym";
				ENABLE_NS_ASSERTIONS = NO;
				ENABLE_STRICT_OBJC_MSGSEND = YES;
				GCC_C_LANGUAGE_STANDARD = gnu11;
				GCC_NO_COMMON_BLOCKS = YES;
				GCC_WARN_64_TO_32_BIT_CONVERSION = YES;
				GCC_WARN_ABOUT_RETURN_TYPE = YES_ERROR;
				GCC_WARN_UNDECLARED_SELECTOR = YES;
				GCC_WARN_UNINITIALIZED_AUTOS = YES_AGGRESSIVE;
				GCC_WARN_UNUSED_FUNCTION = YES;
				GCC_WARN_UNUSED_VARIABLE = YES;
				IPHONEOS_DEPLOYMENT_TARGET = 15.0;
				MTL_ENABLE_DEBUG_INFO = NO;
				MTL_FAST_MATH = YES;
				SDKROOT = iphoneos;
				SWIFT_COMPILATION_MODE = wholemodule;
				SWIFT_OPTIMIZATION_LEVEL = "-O";
				VALIDATE_PRODUCT = YES;
			};
			name = Release;
		};
		03AB37D12715D18F00E1BD2C /* Debug */ = {
			isa = XCBuildConfiguration;
			buildSettings = {
				ASSETCATALOG_COMPILER_APPICON_NAME = AppIcon;
				ASSETCATALOG_COMPILER_GLOBAL_ACCENT_COLOR_NAME = AccentColor;
				CODE_SIGN_STYLE = Automatic;
				CURRENT_PROJECT_VERSION = 1;
				DEVELOPMENT_TEAM = 685257RUQP;
				GENERATE_INFOPLIST_FILE = YES;
				INFOPLIST_KEY_UIApplicationSupportsIndirectInputEvents = YES;
				INFOPLIST_KEY_UILaunchStoryboardName = LaunchScreen;
				INFOPLIST_KEY_UIStatusBarHidden = YES;
				INFOPLIST_KEY_UISupportedInterfaceOrientations_iPad = "UIInterfaceOrientationPortrait UIInterfaceOrientationPortraitUpsideDown UIInterfaceOrientationLandscapeLeft UIInterfaceOrientationLandscapeRight";
				INFOPLIST_KEY_UISupportedInterfaceOrientations_iPhone = "UIInterfaceOrientationPortrait UIInterfaceOrientationLandscapeLeft UIInterfaceOrientationLandscapeRight";
				LD_RUNPATH_SEARCH_PATHS = (
					"$(inherited)",
					"@executable_path/Frameworks",
				);
				MARKETING_VERSION = 1.0;
				PRODUCT_BUNDLE_IDENTIFIER = com.joshgrant.Absorb;
				PRODUCT_NAME = "$(TARGET_NAME)";
				SWIFT_EMIT_LOC_STRINGS = YES;
				SWIFT_VERSION = 5.0;
				TARGETED_DEVICE_FAMILY = "1,2";
			};
			name = Debug;
		};
		03AB37D22715D18F00E1BD2C /* Release */ = {
			isa = XCBuildConfiguration;
			buildSettings = {
				ASSETCATALOG_COMPILER_APPICON_NAME = AppIcon;
				ASSETCATALOG_COMPILER_GLOBAL_ACCENT_COLOR_NAME = AccentColor;
				CODE_SIGN_STYLE = Automatic;
				CURRENT_PROJECT_VERSION = 1;
				DEVELOPMENT_TEAM = 685257RUQP;
				GENERATE_INFOPLIST_FILE = YES;
				INFOPLIST_KEY_UIApplicationSupportsIndirectInputEvents = YES;
				INFOPLIST_KEY_UILaunchStoryboardName = LaunchScreen;
				INFOPLIST_KEY_UIStatusBarHidden = YES;
				INFOPLIST_KEY_UISupportedInterfaceOrientations_iPad = "UIInterfaceOrientationPortrait UIInterfaceOrientationPortraitUpsideDown UIInterfaceOrientationLandscapeLeft UIInterfaceOrientationLandscapeRight";
				INFOPLIST_KEY_UISupportedInterfaceOrientations_iPhone = "UIInterfaceOrientationPortrait UIInterfaceOrientationLandscapeLeft UIInterfaceOrientationLandscapeRight";
				LD_RUNPATH_SEARCH_PATHS = (
					"$(inherited)",
					"@executable_path/Frameworks",
				);
				MARKETING_VERSION = 1.0;
				PRODUCT_BUNDLE_IDENTIFIER = com.joshgrant.Absorb;
				PRODUCT_NAME = "$(TARGET_NAME)";
				SWIFT_EMIT_LOC_STRINGS = YES;
				SWIFT_VERSION = 5.0;
				TARGETED_DEVICE_FAMILY = "1,2";
			};
			name = Release;
		};
		03AB37D42715D18F00E1BD2C /* Debug */ = {
			isa = XCBuildConfiguration;
			buildSettings = {
				ALWAYS_EMBED_SWIFT_STANDARD_LIBRARIES = YES;
				BUNDLE_LOADER = "$(TEST_HOST)";
				CODE_SIGN_STYLE = Automatic;
				CURRENT_PROJECT_VERSION = 1;
				DEVELOPMENT_TEAM = 685257RUQP;
				GENERATE_INFOPLIST_FILE = YES;
				IPHONEOS_DEPLOYMENT_TARGET = 15.0;
				LD_RUNPATH_SEARCH_PATHS = (
					"$(inherited)",
					"@executable_path/Frameworks",
					"@loader_path/Frameworks",
				);
				MARKETING_VERSION = 1.0;
				PRODUCT_BUNDLE_IDENTIFIER = com.joshgrant.AbsorbTests;
				PRODUCT_NAME = "$(TARGET_NAME)";
				SWIFT_EMIT_LOC_STRINGS = NO;
				SWIFT_VERSION = 5.0;
				TARGETED_DEVICE_FAMILY = "1,2";
				TEST_HOST = "$(BUILT_PRODUCTS_DIR)/Absorb.app/Absorb";
			};
			name = Debug;
		};
		03AB37D52715D18F00E1BD2C /* Release */ = {
			isa = XCBuildConfiguration;
			buildSettings = {
				ALWAYS_EMBED_SWIFT_STANDARD_LIBRARIES = YES;
				BUNDLE_LOADER = "$(TEST_HOST)";
				CODE_SIGN_STYLE = Automatic;
				CURRENT_PROJECT_VERSION = 1;
				DEVELOPMENT_TEAM = 685257RUQP;
				GENERATE_INFOPLIST_FILE = YES;
				IPHONEOS_DEPLOYMENT_TARGET = 15.0;
				LD_RUNPATH_SEARCH_PATHS = (
					"$(inherited)",
					"@executable_path/Frameworks",
					"@loader_path/Frameworks",
				);
				MARKETING_VERSION = 1.0;
				PRODUCT_BUNDLE_IDENTIFIER = com.joshgrant.AbsorbTests;
				PRODUCT_NAME = "$(TARGET_NAME)";
				SWIFT_EMIT_LOC_STRINGS = NO;
				SWIFT_VERSION = 5.0;
				TARGETED_DEVICE_FAMILY = "1,2";
				TEST_HOST = "$(BUILT_PRODUCTS_DIR)/Absorb.app/Absorb";
			};
			name = Release;
		};
/* End XCBuildConfiguration section */

/* Begin XCConfigurationList section */
		03AB379E2715D18D00E1BD2C /* Build configuration list for PBXProject "Absorb" */ = {
			isa = XCConfigurationList;
			buildConfigurations = (
				03AB37CE2715D18F00E1BD2C /* Debug */,
				03AB37CF2715D18F00E1BD2C /* Release */,
			);
			defaultConfigurationIsVisible = 0;
			defaultConfigurationName = Release;
		};
		03AB37D02715D18F00E1BD2C /* Build configuration list for PBXNativeTarget "Absorb" */ = {
			isa = XCConfigurationList;
			buildConfigurations = (
				03AB37D12715D18F00E1BD2C /* Debug */,
				03AB37D22715D18F00E1BD2C /* Release */,
			);
			defaultConfigurationIsVisible = 0;
			defaultConfigurationName = Release;
		};
		03AB37D32715D18F00E1BD2C /* Build configuration list for PBXNativeTarget "AbsorbTests" */ = {
			isa = XCConfigurationList;
			buildConfigurations = (
				03AB37D42715D18F00E1BD2C /* Debug */,
				03AB37D52715D18F00E1BD2C /* Release */,
			);
			defaultConfigurationIsVisible = 0;
			defaultConfigurationName = Release;
		};
/* End XCConfigurationList section */
	};
	rootObject = 03AB379B2715D18D00E1BD2C /* Project object */;
}
